
Microsoft Visual Studio Solution File, Format Version 12.00
# Visual Studio Version 16
VisualStudioVersion = 16.0.30011.22
MinimumVisualStudioVersion = 10.0.40219.1
Project("{8BC9CEB8-8B4A-11D0-8D11-00A0C91BC942}") = "Main", "Main\Main.vcxproj", "{A598A1DE-E99F-4897-9CF0-219745403932}"
EndProject
Project("{8BC9CEB8-8B4A-11D0-8D11-00A0C91BC942}") = "VListVw", "D:\archive\New folder (2)\Windows-classic-samples-master\Samples\Win7Samples\winui\controls\common\vlistvw\VListVw.vcxproj", "{AE8E5DE4-E168-487A-8757-33D90F8FC8B1}"
EndProject
Global
	GlobalSection(SolutionConfigurationPlatforms) = preSolution
		Debug|x64 = Debug|x64
		Debug|x86 = Debug|x86
		Release|x64 = Release|x64
		Release|x86 = Release|x86
	EndGlobalSection
	GlobalSection(ProjectConfigurationPlatforms) = postSolution
		{A598A1DE-E99F-4897-9CF0-219745403932}.Debug|x64.ActiveCfg = Debug|x64
		{A598A1DE-E99F-4897-9CF0-219745403932}.Debug|x64.Build.0 = Debug|x64
		{A598A1DE-E99F-4897-9CF0-219745403932}.Debug|x86.ActiveCfg = Debug|Win32
		{A598A1DE-E99F-4897-9CF0-219745403932}.Debug|x86.Build.0 = Debug|Win32
		{A598A1DE-E99F-4897-9CF0-219745403932}.Release|x64.ActiveCfg = Release|x64
		{A598A1DE-E99F-4897-9CF0-219745403932}.Release|x64.Build.0 = Release|x64
		{A598A1DE-E99F-4897-9CF0-219745403932}.Release|x86.ActiveCfg = Release|Win32
		{A598A1DE-E99F-4897-9CF0-219745403932}.Release|x86.Build.0 = Release|Win32
		{AE8E5DE4-E168-487A-8757-33D90F8FC8B1}.Debug|x64.ActiveCfg = Debug|x64
		{AE8E5DE4-E168-487A-8757-33D90F8FC8B1}.Debug|x64.Build.0 = Debug|x64
		{AE8E5DE4-E168-487A-8757-33D90F8FC8B1}.Debug|x86.ActiveCfg = Debug|Win32
		{AE8E5DE4-E168-487A-8757-33D90F8FC8B1}.Debug|x86.Build.0 = Debug|Win32
		{AE8E5DE4-E168-487A-8757-33D90F8FC8B1}.Release|x64.ActiveCfg = Release|x64
		{AE8E5DE4-E168-487A-8757-33D90F8FC8B1}.Release|x64.Build.0 = Release|x64
		{AE8E5DE4-E168-487A-8757-33D90F8FC8B1}.Release|x86.ActiveCfg = Release|Win32
		{AE8E5DE4-E168-487A-8757-33D90F8FC8B1}.Release|x86.Build.0 = Release|Win32
	EndGlobalSection
	GlobalSection(SolutionProperties) = preSolution
		HideSolutionNode = FALSE
	EndGlobalSection
	GlobalSection(ExtensibilityGlobals) = postSolution
		SolutionGuid = {5A599312-9A41-43B0-9363-F31C5DEEA837}
	EndGlobalSection
EndGlobal
