
Microsoft Visual Studio Solution File, Format Version 12.00
# Visual Studio Version 16
VisualStudioVersion = 16.0.31025.218
MinimumVisualStudioVersion = 10.0.40219.1
Project("{8BC9CEB8-8B4A-11D0-8D11-00A0C91BC942}") = "VAG1.9", "VAG1.9\VAG1.9.vcxproj", "{BF0DCD40-D511-4577-BFAD-A6C4F8703833}"
EndProject
Global
	GlobalSection(SolutionConfigurationPlatforms) = preSolution
		Debug|x64 = Debug|x64
		Debug|x86 = Debug|x86
		Release|x64 = Release|x64
		Release|x86 = Release|x86
	EndGlobalSection
	GlobalSection(ProjectConfigurationPlatforms) = postSolution
		{BF0DCD40-D511-4577-BFAD-A6C4F8703833}.Debug|x64.ActiveCfg = Debug|x64
		{BF0DCD40-D511-4577-BFAD-A6C4F8703833}.Debug|x64.Build.0 = Debug|x64
		{BF0DCD40-D511-4577-BFAD-A6C4F8703833}.Debug|x86.ActiveCfg = Debug|Win32
		{BF0DCD40-D511-4577-BFAD-A6C4F8703833}.Debug|x86.Build.0 = Debug|Win32
		{BF0DCD40-D511-4577-BFAD-A6C4F8703833}.Release|x64.ActiveCfg = Release|x64
		{BF0DCD40-D511-4577-BFAD-A6C4F8703833}.Release|x64.Build.0 = Release|x64
		{BF0DCD40-D511-4577-BFAD-A6C4F8703833}.Release|x86.ActiveCfg = Release|Win32
		{BF0DCD40-D511-4577-BFAD-A6C4F8703833}.Release|x86.Build.0 = Release|Win32
	EndGlobalSection
	GlobalSection(SolutionProperties) = preSolution
		HideSolutionNode = FALSE
	EndGlobalSection
	GlobalSection(ExtensibilityGlobals) = postSolution
		SolutionGuid = {8D8D3783-8C96-4EBE-9918-B50776EB097F}
	EndGlobalSection
EndGlobal
